
Microsoft Visual Studio Solution File, Format Version 12.00
# Visual Studio 15
VisualStudioVersion = 15.0.27703.2042
MinimumVisualStudioVersion = 10.0.40219.1
Project("{F184B08F-C81C-45F6-A57F-5ABD9991F28F}") = "pToolz", "pToolz.vbproj", "{53A44F1D-A296-472D-A2AC-47DE5445A0F9}"
EndProject
Project("{F184B08F-C81C-45F6-A57F-5ABD9991F28F}") = "xFuels", "..\xFuels\xFuels.vbproj", "{C08D1F28-53CC-4777-83F4-45179C0A61D1}"
EndProject
Project("{54435603-DBB4-11D2-8724-00A0C9A8B90C}") = "Setup pToolz", "..\Setup pToolz\Setup pToolz.vdproj", "{721B2A61-141E-4BB3-A323-4AF19531FCD8}"
EndProject
Project("{F184B08F-C81C-45F6-A57F-5ABD9991F28F}") = "pToolz v2", "..\pToolz v2\pToolz v2.vbproj", "{81E25BAD-3739-49A0-91DF-1D74DDBFCF03}"
EndProject
Global
	GlobalSection(SolutionConfigurationPlatforms) = preSolution
		Debug|Any CPU = Debug|Any CPU
		Release|Any CPU = Release|Any CPU
	EndGlobalSection
	GlobalSection(ProjectConfigurationPlatforms) = postSolution
		{53A44F1D-A296-472D-A2AC-47DE5445A0F9}.Debug|Any CPU.ActiveCfg = Debug|Any CPU
		{53A44F1D-A296-472D-A2AC-47DE5445A0F9}.Debug|Any CPU.Build.0 = Debug|Any CPU
		{53A44F1D-A296-472D-A2AC-47DE5445A0F9}.Release|Any CPU.ActiveCfg = Release|Any CPU
		{53A44F1D-A296-472D-A2AC-47DE5445A0F9}.Release|Any CPU.Build.0 = Release|Any CPU
		{C08D1F28-53CC-4777-83F4-45179C0A61D1}.Debug|Any CPU.ActiveCfg = Debug|Any CPU
		{C08D1F28-53CC-4777-83F4-45179C0A61D1}.Debug|Any CPU.Build.0 = Debug|Any CPU
		{C08D1F28-53CC-4777-83F4-45179C0A61D1}.Release|Any CPU.ActiveCfg = Release|Any CPU
		{C08D1F28-53CC-4777-83F4-45179C0A61D1}.Release|Any CPU.Build.0 = Release|Any CPU
		{721B2A61-141E-4BB3-A323-4AF19531FCD8}.Debug|Any CPU.ActiveCfg = Debug
		{721B2A61-141E-4BB3-A323-4AF19531FCD8}.Release|Any CPU.ActiveCfg = Release
		{81E25BAD-3739-49A0-91DF-1D74DDBFCF03}.Debug|Any CPU.ActiveCfg = Debug|Any CPU
		{81E25BAD-3739-49A0-91DF-1D74DDBFCF03}.Debug|Any CPU.Build.0 = Debug|Any CPU
		{81E25BAD-3739-49A0-91DF-1D74DDBFCF03}.Release|Any CPU.ActiveCfg = Release|Any CPU
		{81E25BAD-3739-49A0-91DF-1D74DDBFCF03}.Release|Any CPU.Build.0 = Release|Any CPU
	EndGlobalSection
	GlobalSection(SolutionProperties) = preSolution
		HideSolutionNode = FALSE
	EndGlobalSection
	GlobalSection(ExtensibilityGlobals) = postSolution
		SolutionGuid = {8B81D7EC-0E41-445A-A304-9D5C0312002E}
	EndGlobalSection
EndGlobal
